// !$*UTF8*$!
{
	archiveVersion = 1;
	classes = {
	};
	objectVersion = 55;
	objects = {

/* Begin PBXBuildFile section */
		1EF988652837633400D3F3C3 /* AppDelegate.swift in Sources */ = {isa = PBXBuildFile; fileRef = 1EF988642837633400D3F3C3 /* AppDelegate.swift */; };
		1EF988672837633400D3F3C3 /* SceneDelegate.swift in Sources */ = {isa = PBXBuildFile; fileRef = 1EF988662837633400D3F3C3 /* SceneDelegate.swift */; };
		1EF988692837633400D3F3C3 /* Player.swift in Sources */ = {isa = PBXBuildFile; fileRef = 1EF988682837633400D3F3C3 /* Player.swift */; };
		1EF9886C2837633400D3F3C3 /* Main.storyboard in Resources */ = {isa = PBXBuildFile; fileRef = 1EF9886A2837633400D3F3C3 /* Main.storyboard */; };
		1EF9886E2837633700D3F3C3 /* Assets.xcassets in Resources */ = {isa = PBXBuildFile; fileRef = 1EF9886D2837633700D3F3C3 /* Assets.xcassets */; };
		1EF988712837633700D3F3C3 /* LaunchScreen.storyboard in Resources */ = {isa = PBXBuildFile; fileRef = 1EF9886F2837633700D3F3C3 /* LaunchScreen.storyboard */; };
		1EF9887C28377F6000D3F3C3 /* CustomSlider.swift in Sources */ = {isa = PBXBuildFile; fileRef = 1EF9887B28377F6000D3F3C3 /* CustomSlider.swift */; };
		1EF9888B2837ED5900D3F3C3 /* B2.wav in Resources */ = {isa = PBXBuildFile; fileRef = 1EF988852837ED5800D3F3C3 /* B2.wav */; };
		1EF9888C2837ED5900D3F3C3 /* A3.wav in Resources */ = {isa = PBXBuildFile; fileRef = 1EF988862837ED5800D3F3C3 /* A3.wav */; };
		1EF9888D2837ED5900D3F3C3 /* A2.wav in Resources */ = {isa = PBXBuildFile; fileRef = 1EF988872837ED5800D3F3C3 /* A2.wav */; };
		1EF9888E2837ED5900D3F3C3 /* A1.wav in Resources */ = {isa = PBXBuildFile; fileRef = 1EF988882837ED5800D3F3C3 /* A1.wav */; };
		1EF9888F2837ED5900D3F3C3 /* B1.wav in Resources */ = {isa = PBXBuildFile; fileRef = 1EF988892837ED5800D3F3C3 /* B1.wav */; };
		1EF988902837ED5900D3F3C3 /* B3.wav in Resources */ = {isa = PBXBuildFile; fileRef = 1EF9888A2837ED5900D3F3C3 /* B3.wav */; };
		1EF98892283D54A100D3F3C3 /* Utility.swift in Sources */ = {isa = PBXBuildFile; fileRef = 1EF98891283D54A100D3F3C3 /* Utility.swift */; };
/* End PBXBuildFile section */

/* Begin PBXFileReference section */
		1EF988612837633400D3F3C3 /* SkooveCodingChallenge.app */ = {isa = PBXFileReference; explicitFileType = wrapper.application; includeInIndex = 0; path = SkooveCodingChallenge.app; sourceTree = BUILT_PRODUCTS_DIR; };
		1EF988642837633400D3F3C3 /* AppDelegate.swift */ = {isa = PBXFileReference; lastKnownFileType = sourcecode.swift; path = AppDelegate.swift; sourceTree = "<group>"; };
		1EF988662837633400D3F3C3 /* SceneDelegate.swift */ = {isa = PBXFileReference; lastKnownFileType = sourcecode.swift; path = SceneDelegate.swift; sourceTree = "<group>"; };
		1EF988682837633400D3F3C3 /* Player.swift */ = {isa = PBXFileReference; lastKnownFileType = sourcecode.swift; path = Player.swift; sourceTree = "<group>"; };
		1EF9886B2837633400D3F3C3 /* Base */ = {isa = PBXFileReference; lastKnownFileType = file.storyboard; name = Base; path = Base.lproj/Main.storyboard; sourceTree = "<group>"; };
		1EF9886D2837633700D3F3C3 /* Assets.xcassets */ = {isa = PBXFileReference; lastKnownFileType = folder.assetcatalog; path = Assets.xcassets; sourceTree = "<group>"; };
		1EF988702837633700D3F3C3 /* Base */ = {isa = PBXFileReference; lastKnownFileType = file.storyboard; name = Base; path = Base.lproj/LaunchScreen.storyboard; sourceTree = "<group>"; };
		1EF988722837633700D3F3C3 /* Info.plist */ = {isa = PBXFileReference; lastKnownFileType = text.plist.xml; path = Info.plist; sourceTree = "<group>"; };
		1EF9887B28377F6000D3F3C3 /* CustomSlider.swift */ = {isa = PBXFileReference; lastKnownFileType = sourcecode.swift; path = CustomSlider.swift; sourceTree = "<group>"; };
		1EF988852837ED5800D3F3C3 /* B2.wav */ = {isa = PBXFileReference; lastKnownFileType = audio.wav; path = B2.wav; sourceTree = "<group>"; };
		1EF988862837ED5800D3F3C3 /* A3.wav */ = {isa = PBXFileReference; lastKnownFileType = audio.wav; path = A3.wav; sourceTree = "<group>"; };
		1EF988872837ED5800D3F3C3 /* A2.wav */ = {isa = PBXFileReference; lastKnownFileType = audio.wav; path = A2.wav; sourceTree = "<group>"; };
		1EF988882837ED5800D3F3C3 /* A1.wav */ = {isa = PBXFileReference; lastKnownFileType = audio.wav; path = A1.wav; sourceTree = "<group>"; };
		1EF988892837ED5800D3F3C3 /* B1.wav */ = {isa = PBXFileReference; lastKnownFileType = audio.wav; path = B1.wav; sourceTree = "<group>"; };
		1EF9888A2837ED5900D3F3C3 /* B3.wav */ = {isa = PBXFileReference; lastKnownFileType = audio.wav; path = B3.wav; sourceTree = "<group>"; };
		1EF98891283D54A100D3F3C3 /* Utility.swift */ = {isa = PBXFileReference; lastKnownFileType = sourcecode.swift; path = Utility.swift; sourceTree = "<group>"; };
/* End PBXFileReference section */

/* Begin PBXFrameworksBuildPhase section */
		1EF9885E2837633400D3F3C3 /* Frameworks */ = {
			isa = PBXFrameworksBuildPhase;
			buildActionMask = 2147483647;
			files = (
			);
			runOnlyForDeploymentPostprocessing = 0;
		};
/* End PBXFrameworksBuildPhase section */

/* Begin PBXGroup section */
		1EF988582837633400D3F3C3 = {
			isa = PBXGroup;
			children = (
				1EF988882837ED5800D3F3C3 /* A1.wav */,
				1EF988872837ED5800D3F3C3 /* A2.wav */,
				1EF988862837ED5800D3F3C3 /* A3.wav */,
				1EF988892837ED5800D3F3C3 /* B1.wav */,
				1EF988852837ED5800D3F3C3 /* B2.wav */,
				1EF9888A2837ED5900D3F3C3 /* B3.wav */,
				1EF988632837633400D3F3C3 /* SkooveCodingChallenge */,
				1EF988622837633400D3F3C3 /* Products */,
			);
			sourceTree = "<group>";
		};
		1EF988622837633400D3F3C3 /* Products */ = {
			isa = PBXGroup;
			children = (
				1EF988612837633400D3F3C3 /* SkooveCodingChallenge.app */,
			);
			name = Products;
			sourceTree = "<group>";
		};
		1EF988632837633400D3F3C3 /* SkooveCodingChallenge */ = {
			isa = PBXGroup;
			children = (
				1EF9887A28377F0200D3F3C3 /* HelperClasses */,
				1EF988782837642D00D3F3C3 /* Controllers */,
				1EF988642837633400D3F3C3 /* AppDelegate.swift */,
				1EF988662837633400D3F3C3 /* SceneDelegate.swift */,
				1EF988682837633400D3F3C3 /* Player.swift */,
				1EF9886A2837633400D3F3C3 /* Main.storyboard */,
				1EF9886D2837633700D3F3C3 /* Assets.xcassets */,
				1EF9886F2837633700D3F3C3 /* LaunchScreen.storyboard */,
				1EF988722837633700D3F3C3 /* Info.plist */,
			);
			path = SkooveCodingChallenge;
			sourceTree = "<group>";
		};
		1EF988782837642D00D3F3C3 /* Controllers */ = {
			isa = PBXGroup;
			children = (
			);
			path = Controllers;
			sourceTree = "<group>";
		};
		1EF9887A28377F0200D3F3C3 /* HelperClasses */ = {
			isa = PBXGroup;
			children = (
				1EF9887B28377F6000D3F3C3 /* CustomSlider.swift */,
				1EF98891283D54A100D3F3C3 /* Utility.swift */,
			);
			path = HelperClasses;
			sourceTree = "<group>";
		};
/* End PBXGroup section */

/* Begin PBXNativeTarget section */
		1EF988602837633400D3F3C3 /* SkooveCodingChallenge */ = {
			isa = PBXNativeTarget;
			buildConfigurationList = 1EF988752837633700D3F3C3 /* Build configuration list for PBXNativeTarget "SkooveCodingChallenge" */;
			buildPhases = (
				1EF9885D2837633400D3F3C3 /* Sources */,
				1EF9885E2837633400D3F3C3 /* Frameworks */,
				1EF9885F2837633400D3F3C3 /* Resources */,
			);
			buildRules = (
			);
			dependencies = (
			);
			name = SkooveCodingChallenge;
			productName = SkooveCodingChallenge;
			productReference = 1EF988612837633400D3F3C3 /* SkooveCodingChallenge.app */;
			productType = "com.apple.product-type.application";
		};
/* End PBXNativeTarget section */

/* Begin PBXProject section */
		1EF988592837633400D3F3C3 /* Project object */ = {
			isa = PBXProject;
			attributes = {
				BuildIndependentTargetsInParallel = 1;
				LastSwiftUpdateCheck = 1320;
				LastUpgradeCheck = 1320;
				TargetAttributes = {
					1EF988602837633400D3F3C3 = {
						CreatedOnToolsVersion = 13.2.1;
					};
				};
			};
			buildConfigurationList = 1EF9885C2837633400D3F3C3 /* Build configuration list for PBXProject "SkooveCodingChallenge" */;
			compatibilityVersion = "Xcode 13.0";
			developmentRegion = en;
			hasScannedForEncodings = 0;
			knownRegions = (
				en,
				Base,
			);
			mainGroup = 1EF988582837633400D3F3C3;
			productRefGroup = 1EF988622837633400D3F3C3 /* Products */;
			projectDirPath = "";
			projectRoot = "";
			targets = (
				1EF988602837633400D3F3C3 /* SkooveCodingChallenge */,
			);
		};
/* End PBXProject section */

/* Begin PBXResourcesBuildPhase section */
		1EF9885F2837633400D3F3C3 /* Resources */ = {
			isa = PBXResourcesBuildPhase;
			buildActionMask = 2147483647;
			files = (
				1EF9888B2837ED5900D3F3C3 /* B2.wav in Resources */,
				1EF9888C2837ED5900D3F3C3 /* A3.wav in Resources */,
				1EF9888D2837ED5900D3F3C3 /* A2.wav in Resources */,
				1EF9888E2837ED5900D3F3C3 /* A1.wav in Resources */,
				1EF9888F2837ED5900D3F3C3 /* B1.wav in Resources */,
				1EF988902837ED5900D3F3C3 /* B3.wav in Resources */,
				1EF988712837633700D3F3C3 /* LaunchScreen.storyboard in Resources */,
				1EF9886E2837633700D3F3C3 /* Assets.xcassets in Resources */,
				1EF9886C2837633400D3F3C3 /* Main.storyboard in Resources */,
			);
			runOnlyForDeploymentPostprocessing = 0;
		};
/* End PBXResourcesBuildPhase section */

/* Begin PBXSourcesBuildPhase section */
		1EF9885D2837633400D3F3C3 /* Sources */ = {
			isa = PBXSourcesBuildPhase;
			buildActionMask = 2147483647;
			files = (
				1EF98892283D54A100D3F3C3 /* Utility.swift in Sources */,
				1EF988692837633400D3F3C3 /* Player.swift in Sources */,
				1EF988652837633400D3F3C3 /* AppDelegate.swift in Sources */,
				1EF988672837633400D3F3C3 /* SceneDelegate.swift in Sources */,
				1EF9887C28377F6000D3F3C3 /* CustomSlider.swift in Sources */,
			);
			runOnlyForDeploymentPostprocessing = 0;
		};
/* End PBXSourcesBuildPhase section */

/* Begin PBXVariantGroup section */
		1EF9886A2837633400D3F3C3 /* Main.storyboard */ = {
			isa = PBXVariantGroup;
			children = (
				1EF9886B2837633400D3F3C3 /* Base */,
			);
			name = Main.storyboard;
			sourceTree = "<group>";
		};
		1EF9886F2837633700D3F3C3 /* LaunchScreen.storyboard */ = {
			isa = PBXVariantGroup;
			children = (
				1EF988702837633700D3F3C3 /* Base */,
			);
			name = LaunchScreen.storyboard;
			sourceTree = "<group>";
		};
/* End PBXVariantGroup section */

/* Begin XCBuildConfiguration section */
		1EF988732837633700D3F3C3 /* Debug */ = {
			isa = XCBuildConfiguration;
			buildSettings = {
				ALWAYS_SEARCH_USER_PATHS = NO;
				CLANG_ANALYZER_NONNULL = YES;
				CLANG_ANALYZER_NUMBER_OBJECT_CONVERSION = YES_AGGRESSIVE;
				CLANG_CXX_LANGUAGE_STANDARD = "gnu++17";
				CLANG_CXX_LIBRARY = "libc++";
				CLANG_ENABLE_MODULES = YES;
				CLANG_ENABLE_OBJC_ARC = YES;
				CLANG_ENABLE_OBJC_WEAK = YES;
				CLANG_WARN_BLOCK_CAPTURE_AUTORELEASING = YES;
				CLANG_WARN_BOOL_CONVERSION = YES;
				CLANG_WARN_COMMA = YES;
				CLANG_WARN_CONSTANT_CONVERSION = YES;
				CLANG_WARN_DEPRECATED_OBJC_IMPLEMENTATIONS = YES;
				CLANG_WARN_DIRECT_OBJC_ISA_USAGE = YES_ERROR;
				CLANG_WARN_DOCUMENTATION_COMMENTS = YES;
				CLANG_WARN_EMPTY_BODY = YES;
				CLANG_WARN_ENUM_CONVERSION = YES;
				CLANG_WARN_INFINITE_RECURSION = YES;
				CLANG_WARN_INT_CONVERSION = YES;
				CLANG_WARN_NON_LITERAL_NULL_CONVERSION = YES;
				CLANG_WARN_OBJC_IMPLICIT_RETAIN_SELF = YES;
				CLANG_WARN_OBJC_LITERAL_CONVERSION = YES;
				CLANG_WARN_OBJC_ROOT_CLASS = YES_ERROR;
				CLANG_WARN_QUOTED_INCLUDE_IN_FRAMEWORK_HEADER = YES;
				CLANG_WARN_RANGE_LOOP_ANALYSIS = YES;
				CLANG_WARN_STRICT_PROTOTYPES = YES;
				CLANG_WARN_SUSPICIOUS_MOVE = YES;
				CLANG_WARN_UNGUARDED_AVAILABILITY = YES_AGGRESSIVE;
				CLANG_WARN_UNREACHABLE_CODE = YES;
				CLANG_WARN__DUPLICATE_METHOD_MATCH = YES;
				COPY_PHASE_STRIP = NO;
				DEBUG_INFORMATION_FORMAT = dwarf;
				ENABLE_STRICT_OBJC_MSGSEND = YES;
				ENABLE_TESTABILITY = YES;
				GCC_C_LANGUAGE_STANDARD = gnu11;
				GCC_DYNAMIC_NO_PIC = NO;
				GCC_NO_COMMON_BLOCKS = YES;
				GCC_OPTIMIZATION_LEVEL = 0;
				GCC_PREPROCESSOR_DEFINITIONS = (
					"DEBUG=1",
					"$(inherited)",
				);
				GCC_WARN_64_TO_32_BIT_CONVERSION = YES;
				GCC_WARN_ABOUT_RETURN_TYPE = YES_ERROR;
				GCC_WARN_UNDECLARED_SELECTOR = YES;
				GCC_WARN_UNINITIALIZED_AUTOS = YES_AGGRESSIVE;
				GCC_WARN_UNUSED_FUNCTION = YES;
				GCC_WARN_UNUSED_VARIABLE = YES;
				IPHONEOS_DEPLOYMENT_TARGET = 13.1;
				MTL_ENABLE_DEBUG_INFO = INCLUDE_SOURCE;
				MTL_FAST_MATH = YES;
				ONLY_ACTIVE_ARCH = YES;
				SDKROOT = iphoneos;
				SWIFT_ACTIVE_COMPILATION_CONDITIONS = DEBUG;
				SWIFT_OPTIMIZATION_LEVEL = "-Onone";
			};
			name = Debug;
		};
		1EF988742837633700D3F3C3 /* Release */ = {
			isa = XCBuildConfiguration;
			buildSettings = {
				ALWAYS_SEARCH_USER_PATHS = NO;
				CLANG_ANALYZER_NONNULL = YES;
				CLANG_ANALYZER_NUMBER_OBJECT_CONVERSION = YES_AGGRESSIVE;
				CLANG_CXX_LANGUAGE_STANDARD = "gnu++17";
				CLANG_CXX_LIBRARY = "libc++";
				CLANG_ENABLE_MODULES = YES;
				CLANG_ENABLE_OBJC_ARC = YES;
				CLANG_ENABLE_OBJC_WEAK = YES;
				CLANG_WARN_BLOCK_CAPTURE_AUTORELEASING = YES;
				CLANG_WARN_BOOL_CONVERSION = YES;
				CLANG_WARN_COMMA = YES;
				CLANG_WARN_CONSTANT_CONVERSION = YES;
				CLANG_WARN_DEPRECATED_OBJC_IMPLEMENTATIONS = YES;
				CLANG_WARN_DIRECT_OBJC_ISA_USAGE = YES_ERROR;
				CLANG_WARN_DOCUMENTATION_COMMENTS = YES;
				CLANG_WARN_EMPTY_BODY = YES;
				CLANG_WARN_ENUM_CONVERSION = YES;
				CLANG_WARN_INFINITE_RECURSION = YES;
				CLANG_WARN_INT_CONVERSION = YES;
				CLANG_WARN_NON_LITERAL_NULL_CONVERSION = YES;
				CLANG_WARN_OBJC_IMPLICIT_RETAIN_SELF = YES;
				CLANG_WARN_OBJC_LITERAL_CONVERSION = YES;
				CLANG_WARN_OBJC_ROOT_CLASS = YES_ERROR;
				CLANG_WARN_QUOTED_INCLUDE_IN_FRAMEWORK_HEADER = YES;
				CLANG_WARN_RANGE_LOOP_ANALYSIS = YES;
				CLANG_WARN_STRICT_PROTOTYPES = YES;
				CLANG_WARN_SUSPICIOUS_MOVE = YES;
				CLANG_WARN_UNGUARDED_AVAILABILITY = YES_AGGRESSIVE;
				CLANG_WARN_UNREACHABLE_CODE = YES;
				CLANG_WARN__DUPLICATE_METHOD_MATCH = YES;
				COPY_PHASE_STRIP = NO;
				DEBUG_INFORMATION_FORMAT = "dwarf-with-dsym";
				ENABLE_NS_ASSERTIONS = NO;
				ENABLE_STRICT_OBJC_MSGSEND = YES;
				GCC_C_LANGUAGE_STANDARD = gnu11;
				GCC_NO_COMMON_BLOCKS = YES;
				GCC_WARN_64_TO_32_BIT_CONVERSION = YES;
				GCC_WARN_ABOUT_RETURN_TYPE = YES_ERROR;
				GCC_WARN_UNDECLARED_SELECTOR = YES;
				GCC_WARN_UNINITIALIZED_AUTOS = YES_AGGRESSIVE;
				GCC_WARN_UNUSED_FUNCTION = YES;
				GCC_WARN_UNUSED_VARIABLE = YES;
				IPHONEOS_DEPLOYMENT_TARGET = 13.1;
				MTL_ENABLE_DEBUG_INFO = NO;
				MTL_FAST_MATH = YES;
				SDKROOT = iphoneos;
				SWIFT_COMPILATION_MODE = wholemodule;
				SWIFT_OPTIMIZATION_LEVEL = "-O";
				VALIDATE_PRODUCT = YES;
			};
			name = Release;
		};
		1EF988762837633700D3F3C3 /* Debug */ = {
			isa = XCBuildConfiguration;
			buildSettings = {
				ASSETCATALOG_COMPILER_APPICON_NAME = AppIcon;
				ASSETCATALOG_COMPILER_GLOBAL_ACCENT_COLOR_NAME = AccentColor;
				CODE_SIGN_STYLE = Automatic;
				CURRENT_PROJECT_VERSION = 1;
				DEVELOPMENT_TEAM = 5L79P3Y5SQ;
				GENERATE_INFOPLIST_FILE = YES;
				INFOPLIST_FILE = SkooveCodingChallenge/Info.plist;
				INFOPLIST_KEY_UIApplicationSupportsIndirectInputEvents = YES;
				INFOPLIST_KEY_UILaunchStoryboardName = LaunchScreen;
				INFOPLIST_KEY_UIMainStoryboardFile = Main;
				INFOPLIST_KEY_UISupportedInterfaceOrientations = UIInterfaceOrientationLandscapeLeft;
				INFOPLIST_KEY_UISupportedInterfaceOrientations_iPad = "UIInterfaceOrientationPortrait UIInterfaceOrientationPortraitUpsideDown UIInterfaceOrientationLandscapeLeft UIInterfaceOrientationLandscapeRight";
				INFOPLIST_KEY_UISupportedInterfaceOrientations_iPhone = "UIInterfaceOrientationPortrait UIInterfaceOrientationLandscapeLeft UIInterfaceOrientationLandscapeRight";
				LD_RUNPATH_SEARCH_PATHS = (
					"$(inherited)",
					"@executable_path/Frameworks",
				);
				MARKETING_VERSION = 1.0;
				PRODUCT_BUNDLE_IDENTIFIER = com.maryam.SkooveCodingChallenge;
				PRODUCT_NAME = "$(TARGET_NAME)";
				SWIFT_EMIT_LOC_STRINGS = YES;
				SWIFT_VERSION = 5.0;
				TARGETED_DEVICE_FAMILY = 1;
			};
			name = Debug;
		};
		1EF988772837633700D3F3C3 /* Release */ = {
			isa = XCBuildConfiguration;
			buildSettings = {
				ASSETCATALOG_COMPILER_APPICON_NAME = AppIcon;
				ASSETCATALOG_COMPILER_GLOBAL_ACCENT_COLOR_NAME = AccentColor;
				CODE_SIGN_STYLE = Automatic;
				CURRENT_PROJECT_VERSION = 1;
				DEVELOPMENT_TEAM = 5L79P3Y5SQ;
				GENERATE_INFOPLIST_FILE = YES;
				INFOPLIST_FILE = SkooveCodingChallenge/Info.plist;
				INFOPLIST_KEY_UIApplicationSupportsIndirectInputEvents = YES;
				INFOPLIST_KEY_UILaunchStoryboardName = LaunchScreen;
				INFOPLIST_KEY_UIMainStoryboardFile = Main;
				INFOPLIST_KEY_UISupportedInterfaceOrientations = UIInterfaceOrientationLandscapeLeft;
				INFOPLIST_KEY_UISupportedInterfaceOrientations_iPad = "UIInterfaceOrientationPortrait UIInterfaceOrientationPortraitUpsideDown UIInterfaceOrientationLandscapeLeft UIInterfaceOrientationLandscapeRight";
				INFOPLIST_KEY_UISupportedInterfaceOrientations_iPhone = "UIInterfaceOrientationPortrait UIInterfaceOrientationLandscapeLeft UIInterfaceOrientationLandscapeRight";
				LD_RUNPATH_SEARCH_PATHS = (
					"$(inherited)",
					"@executable_path/Frameworks",
				);
				MARKETING_VERSION = 1.0;
				PRODUCT_BUNDLE_IDENTIFIER = com.maryam.SkooveCodingChallenge;
				PRODUCT_NAME = "$(TARGET_NAME)";
				SWIFT_EMIT_LOC_STRINGS = YES;
				SWIFT_VERSION = 5.0;
				TARGETED_DEVICE_FAMILY = 1;
			};
			name = Release;
		};
/* End XCBuildConfiguration section */

/* Begin XCConfigurationList section */
		1EF9885C2837633400D3F3C3 /* Build configuration list for PBXProject "SkooveCodingChallenge" */ = {
			isa = XCConfigurationList;
			buildConfigurations = (
				1EF988732837633700D3F3C3 /* Debug */,
				1EF988742837633700D3F3C3 /* Release */,
			);
			defaultConfigurationIsVisible = 0;
			defaultConfigurationName = Release;
		};
		1EF988752837633700D3F3C3 /* Build configuration list for PBXNativeTarget "SkooveCodingChallenge" */ = {
			isa = XCConfigurationList;
			buildConfigurations = (
				1EF988762837633700D3F3C3 /* Debug */,
				1EF988772837633700D3F3C3 /* Release */,
			);
			defaultConfigurationIsVisible = 0;
			defaultConfigurationName = Release;
		};
/* End XCConfigurationList section */
	};
	rootObject = 1EF988592837633400D3F3C3 /* Project object */;
}
